
Microsoft Visual Studio Solution File, Format Version 12.00
# Visual Studio Version 17
VisualStudioVersion = 17.2.32519.379
MinimumVisualStudioVersion = 10.0.40219.1
Project("{FAE04EC0-301F-11D3-BF4B-00C04F79EFBC}") = "StockBrokerAPI", "StockBrokerAPI\StockBrokerAPI.csproj", "{89FEB668-DBE0-4A73-A213-29171259A8E3}"
EndProject
Project("{FAE04EC0-301F-11D3-BF4B-00C04F79EFBC}") = "StockBrokerAPITest", "StockBrokerAPITest\StockBrokerAPITest.csproj", "{ACB28210-C888-4500-856C-5019D037B085}"
EndProject
Global
	GlobalSection(SolutionConfigurationPlatforms) = preSolution
		Debug|Any CPU = Debug|Any CPU
		Release|Any CPU = Release|Any CPU
	EndGlobalSection
	GlobalSection(ProjectConfigurationPlatforms) = postSolution
		{89FEB668-DBE0-4A73-A213-29171259A8E3}.Debug|Any CPU.ActiveCfg = Debug|Any CPU
		{89FEB668-DBE0-4A73-A213-29171259A8E3}.Debug|Any CPU.Build.0 = Debug|Any CPU
		{89FEB668-DBE0-4A73-A213-29171259A8E3}.Release|Any CPU.ActiveCfg = Release|Any CPU
		{89FEB668-DBE0-4A73-A213-29171259A8E3}.Release|Any CPU.Build.0 = Release|Any CPU
		{ACB28210-C888-4500-856C-5019D037B085}.Debug|Any CPU.ActiveCfg = Debug|Any CPU
		{ACB28210-C888-4500-856C-5019D037B085}.Debug|Any CPU.Build.0 = Debug|Any CPU
		{ACB28210-C888-4500-856C-5019D037B085}.Release|Any CPU.ActiveCfg = Release|Any CPU
		{ACB28210-C888-4500-856C-5019D037B085}.Release|Any CPU.Build.0 = Release|Any CPU
	EndGlobalSection
	GlobalSection(SolutionProperties) = preSolution
		HideSolutionNode = FALSE
	EndGlobalSection
	GlobalSection(ExtensibilityGlobals) = postSolution
		SolutionGuid = {A5CAFD71-E9CF-4917-ACA0-92E67C391D72}
	EndGlobalSection
EndGlobal
